
Microsoft Visual Studio Solution File, Format Version 12.00
# Visual Studio Version 17
VisualStudioVersion = 17.11.35312.102
MinimumVisualStudioVersion = 10.0.40219.1
Project("{FAE04EC0-301F-11D3-BF4B-00C04F79EFBC}") = "CSBasics", "CSBasics\CSBasics.csproj", "{F3B4676B-1345-46E0-87A0-40E45012EE0E}"
EndProject
Global
	GlobalSection(SolutionConfigurationPlatforms) = preSolution
		Debug|Any CPU = Debug|Any CPU
		Release|Any CPU = Release|Any CPU
	EndGlobalSection
	GlobalSection(ProjectConfigurationPlatforms) = postSolution
		{F3B4676B-1345-46E0-87A0-40E45012EE0E}.Debug|Any CPU.ActiveCfg = Debug|Any CPU
		{F3B4676B-1345-46E0-87A0-40E45012EE0E}.Debug|Any CPU.Build.0 = Debug|Any CPU
		{F3B4676B-1345-46E0-87A0-40E45012EE0E}.Release|Any CPU.ActiveCfg = Release|Any CPU
		{F3B4676B-1345-46E0-87A0-40E45012EE0E}.Release|Any CPU.Build.0 = Release|Any CPU
	EndGlobalSection
	GlobalSection(SolutionProperties) = preSolution
		HideSolutionNode = FALSE
	EndGlobalSection
	GlobalSection(ExtensibilityGlobals) = postSolution
		SolutionGuid = {40C2EE28-386C-4A2B-8EE4-6984F4300B6B}
	EndGlobalSection
EndGlobal
